// !$*UTF8*$!
{
	archiveVersion = 1;
	classes = {
	};
	objectVersion = 46;
	objects = {

/* Begin PBXBuildFile section */
		112F68511EF95D4C0043E091 /* main.m in Sources */ = {isa = PBXBuildFile; fileRef = 112F68501EF95D4C0043E091 /* main.m */; };
		112F68541EF95D4C0043E091 /* AppDelegate.m in Sources */ = {isa = PBXBuildFile; fileRef = 112F68531EF95D4C0043E091 /* AppDelegate.m */; };
		112F68571EF95D4C0043E091 /* ViewController.m in Sources */ = {isa = PBXBuildFile; fileRef = 112F68561EF95D4C0043E091 /* ViewController.m */; };
		112F685A1EF95D4C0043E091 /* Main.storyboard in Resources */ = {isa = PBXBuildFile; fileRef = 112F68581EF95D4C0043E091 /* Main.storyboard */; };
		112F685C1EF95D4C0043E091 /* Assets.xcassets in Resources */ = {isa = PBXBuildFile; fileRef = 112F685B1EF95D4C0043E091 /* Assets.xcassets */; };
		112F685F1EF95D4C0043E091 /* LaunchScreen.storyboard in Resources */ = {isa = PBXBuildFile; fileRef = 112F685D1EF95D4C0043E091 /* LaunchScreen.storyboard */; };
		112F68681EF961930043E091 /* MapKit.framework in Frameworks */ = {isa = PBXBuildFile; fileRef = 112F68671EF961930043E091 /* MapKit.framework */; };
		112F686A1EF961BA0043E091 /* CoreLocation.framework in Frameworks */ = {isa = PBXBuildFile; fileRef = 112F68691EF961BA0043E091 /* CoreLocation.framework */; };
		112F686D1EFC16C30043E091 /* DXHTTPManager.m in Sources */ = {isa = PBXBuildFile; fileRef = 112F686C1EFC16C30043E091 /* DXHTTPManager.m */; };
		112F68701EFE1ECF0043E091 /* GetFriend.m in Sources */ = {isa = PBXBuildFile; fileRef = 112F686F1EFE1ECF0043E091 /* GetFriend.m */; };
		2311101AA703FF28A8D41AB0 /* libPods-FindMyFriend.a in Frameworks */ = {isa = PBXBuildFile; fileRef = 985E0FC0ECECA0A64B4D79D3 /* libPods-FindMyFriend.a */; };
/* End PBXBuildFile section */

/* Begin PBXFileReference section */
		112F684C1EF95D4C0043E091 /* FindMyFriend.app */ = {isa = PBXFileReference; explicitFileType = wrapper.application; includeInIndex = 0; path = FindMyFriend.app; sourceTree = BUILT_PRODUCTS_DIR; };
		112F68501EF95D4C0043E091 /* main.m */ = {isa = PBXFileReference; lastKnownFileType = sourcecode.c.objc; path = main.m; sourceTree = "<group>"; };
		112F68521EF95D4C0043E091 /* AppDelegate.h */ = {isa = PBXFileReference; lastKnownFileType = sourcecode.c.h; path = AppDelegate.h; sourceTree = "<group>"; };
		112F68531EF95D4C0043E091 /* AppDelegate.m */ = {isa = PBXFileReference; lastKnownFileType = sourcecode.c.objc; path = AppDelegate.m; sourceTree = "<group>"; };
		112F68551EF95D4C0043E091 /* ViewController.h */ = {isa = PBXFileReference; lastKnownFileType = sourcecode.c.h; path = ViewController.h; sourceTree = "<group>"; };
		112F68561EF95D4C0043E091 /* ViewController.m */ = {isa = PBXFileReference; lastKnownFileType = sourcecode.c.objc; path = ViewController.m; sourceTree = "<group>"; };
		112F68591EF95D4C0043E091 /* Base */ = {isa = PBXFileReference; lastKnownFileType = file.storyboard; name = Base; path = Base.lproj/Main.storyboard; sourceTree = "<group>"; };
		112F685B1EF95D4C0043E091 /* Assets.xcassets */ = {isa = PBXFileReference; lastKnownFileType = folder.assetcatalog; path = Assets.xcassets; sourceTree = "<group>"; };
		112F685E1EF95D4C0043E091 /* Base */ = {isa = PBXFileReference; lastKnownFileType = file.storyboard; name = Base; path = Base.lproj/LaunchScreen.storyboard; sourceTree = "<group>"; };
		112F68601EF95D4C0043E091 /* Info.plist */ = {isa = PBXFileReference; lastKnownFileType = text.plist.xml; path = Info.plist; sourceTree = "<group>"; };
		112F68671EF961930043E091 /* MapKit.framework */ = {isa = PBXFileReference; lastKnownFileType = wrapper.framework; name = MapKit.framework; path = System/Library/Frameworks/MapKit.framework; sourceTree = SDKROOT; };
		112F68691EF961BA0043E091 /* CoreLocation.framework */ = {isa = PBXFileReference; lastKnownFileType = wrapper.framework; name = CoreLocation.framework; path = System/Library/Frameworks/CoreLocation.framework; sourceTree = SDKROOT; };
		112F686B1EFC16C30043E091 /* DXHTTPManager.h */ = {isa = PBXFileReference; fileEncoding = 4; lastKnownFileType = sourcecode.c.h; path = DXHTTPManager.h; sourceTree = "<group>"; };
		112F686C1EFC16C30043E091 /* DXHTTPManager.m */ = {isa = PBXFileReference; fileEncoding = 4; lastKnownFileType = sourcecode.c.objc; path = DXHTTPManager.m; sourceTree = "<group>"; };
		112F686E1EFE1ECF0043E091 /* GetFriend.h */ = {isa = PBXFileReference; fileEncoding = 4; lastKnownFileType = sourcecode.c.h; path = GetFriend.h; sourceTree = "<group>"; };
		112F686F1EFE1ECF0043E091 /* GetFriend.m */ = {isa = PBXFileReference; fileEncoding = 4; lastKnownFileType = sourcecode.c.objc; path = GetFriend.m; sourceTree = "<group>"; };
		61260FA5C0832BC63A076A68 /* Pods-FindMyFriend.release.xcconfig */ = {isa = PBXFileReference; includeInIndex = 1; lastKnownFileType = text.xcconfig; name = "Pods-FindMyFriend.release.xcconfig"; path = "Pods/Target Support Files/Pods-FindMyFriend/Pods-FindMyFriend.release.xcconfig"; sourceTree = "<group>"; };
		895EB1244D2DB28AB2FDCF8C /* Pods-FindMyFriend.debug.xcconfig */ = {isa = PBXFileReference; includeInIndex = 1; lastKnownFileType = text.xcconfig; name = "Pods-FindMyFriend.debug.xcconfig"; path = "Pods/Target Support Files/Pods-FindMyFriend/Pods-FindMyFriend.debug.xcconfig"; sourceTree = "<group>"; };
		985E0FC0ECECA0A64B4D79D3 /* libPods-FindMyFriend.a */ = {isa = PBXFileReference; explicitFileType = archive.ar; includeInIndex = 0; path = "libPods-FindMyFriend.a"; sourceTree = BUILT_PRODUCTS_DIR; };
/* End PBXFileReference section */

/* Begin PBXFrameworksBuildPhase section */
		112F68491EF95D4C0043E091 /* Frameworks */ = {
			isa = PBXFrameworksBuildPhase;
			buildActionMask = 2147483647;
			files = (
				112F686A1EF961BA0043E091 /* CoreLocation.framework in Frameworks */,
				112F68681EF961930043E091 /* MapKit.framework in Frameworks */,
				2311101AA703FF28A8D41AB0 /* libPods-FindMyFriend.a in Frameworks */,
			);
			runOnlyForDeploymentPostprocessing = 0;
		};
/* End PBXFrameworksBuildPhase section */

/* Begin PBXGroup section */
		112F68431EF95D4C0043E091 = {
			isa = PBXGroup;
			children = (
				112F684E1EF95D4C0043E091 /* FindMyFriend */,
				112F684D1EF95D4C0043E091 /* Products */,
				112F68661EF961920043E091 /* Frameworks */,
				B2A0D970F4C4F57F6E9C3A41 /* Pods */,
			);
			sourceTree = "<group>";
		};
		112F684D1EF95D4C0043E091 /* Products */ = {
			isa = PBXGroup;
			children = (
				112F684C1EF95D4C0043E091 /* FindMyFriend.app */,
			);
			name = Products;
			sourceTree = "<group>";
		};
		112F684E1EF95D4C0043E091 /* FindMyFriend */ = {
			isa = PBXGroup;
			children = (
				112F68521EF95D4C0043E091 /* AppDelegate.h */,
				112F68531EF95D4C0043E091 /* AppDelegate.m */,
				112F686B1EFC16C30043E091 /* DXHTTPManager.h */,
				112F686C1EFC16C30043E091 /* DXHTTPManager.m */,
				112F68551EF95D4C0043E091 /* ViewController.h */,
				112F68561EF95D4C0043E091 /* ViewController.m */,
				112F686E1EFE1ECF0043E091 /* GetFriend.h */,
				112F686F1EFE1ECF0043E091 /* GetFriend.m */,
				112F68581EF95D4C0043E091 /* Main.storyboard */,
				112F685B1EF95D4C0043E091 /* Assets.xcassets */,
				112F685D1EF95D4C0043E091 /* LaunchScreen.storyboard */,
				112F68601EF95D4C0043E091 /* Info.plist */,
				112F684F1EF95D4C0043E091 /* Supporting Files */,
			);
			path = FindMyFriend;
			sourceTree = "<group>";
		};
		112F684F1EF95D4C0043E091 /* Supporting Files */ = {
			isa = PBXGroup;
			children = (
				112F68501EF95D4C0043E091 /* main.m */,
			);
			name = "Supporting Files";
			sourceTree = "<group>";
		};
		112F68661EF961920043E091 /* Frameworks */ = {
			isa = PBXGroup;
			children = (
				112F68691EF961BA0043E091 /* CoreLocation.framework */,
				112F68671EF961930043E091 /* MapKit.framework */,
				985E0FC0ECECA0A64B4D79D3 /* libPods-FindMyFriend.a */,
			);
			name = Frameworks;
			sourceTree = "<group>";
		};
		B2A0D970F4C4F57F6E9C3A41 /* Pods */ = {
			isa = PBXGroup;
			children = (
				895EB1244D2DB28AB2FDCF8C /* Pods-FindMyFriend.debug.xcconfig */,
				61260FA5C0832BC63A076A68 /* Pods-FindMyFriend.release.xcconfig */,
			);
			name = Pods;
			sourceTree = "<group>";
		};
/* End PBXGroup section */

/* Begin PBXNativeTarget section */
		112F684B1EF95D4C0043E091 /* FindMyFriend */ = {
			isa = PBXNativeTarget;
			buildConfigurationList = 112F68631EF95D4C0043E091 /* Build configuration list for PBXNativeTarget "FindMyFriend" */;
			buildPhases = (
				3F4D214759712742AC4F454A /* [CP] Check Pods Manifest.lock */,
				112F68481EF95D4C0043E091 /* Sources */,
				112F68491EF95D4C0043E091 /* Frameworks */,
				112F684A1EF95D4C0043E091 /* Resources */,
				DF4F7A479A901AE10EF52C50 /* [CP] Embed Pods Frameworks */,
				7267B9C24A5D3FDA005B068D /* [CP] Copy Pods Resources */,
			);
			buildRules = (
			);
			dependencies = (
			);
			name = FindMyFriend;
			productName = FindMyFriend;
			productReference = 112F684C1EF95D4C0043E091 /* FindMyFriend.app */;
			productType = "com.apple.product-type.application";
		};
/* End PBXNativeTarget section */

/* Begin PBXProject section */
		112F68441EF95D4C0043E091 /* Project object */ = {
			isa = PBXProject;
			attributes = {
				LastUpgradeCheck = 0830;
				ORGANIZATIONNAME = "Kinlive Wei";
				TargetAttributes = {
					112F684B1EF95D4C0043E091 = {
						CreatedOnToolsVersion = 8.3.3;
						DevelopmentTeam = 4HY645WQ48;
						ProvisioningStyle = Automatic;
						SystemCapabilities = {
							com.apple.BackgroundModes = {
								enabled = 1;
							};
						};
					};
				};
			};
			buildConfigurationList = 112F68471EF95D4C0043E091 /* Build configuration list for PBXProject "FindMyFriend" */;
			compatibilityVersion = "Xcode 3.2";
			developmentRegion = English;
			hasScannedForEncodings = 0;
			knownRegions = (
				en,
				Base,
			);
			mainGroup = 112F68431EF95D4C0043E091;
			productRefGroup = 112F684D1EF95D4C0043E091 /* Products */;
			projectDirPath = "";
			projectRoot = "";
			targets = (
				112F684B1EF95D4C0043E091 /* FindMyFriend */,
			);
		};
/* End PBXProject section */

/* Begin PBXResourcesBuildPhase section */
		112F684A1EF95D4C0043E091 /* Resources */ = {
			isa = PBXResourcesBuildPhase;
			buildActionMask = 2147483647;
			files = (
				112F685F1EF95D4C0043E091 /* LaunchScreen.storyboard in Resources */,
				112F685C1EF95D4C0043E091 /* Assets.xcassets in Resources */,
				112F685A1EF95D4C0043E091 /* Main.storyboard in Resources */,
			);
			runOnlyForDeploymentPostprocessing = 0;
		};
/* End PBXResourcesBuildPhase section */

/* Begin PBXShellScriptBuildPhase section */
		3F4D214759712742AC4F454A /* [CP] Check Pods Manifest.lock */ = {
			isa = PBXShellScriptBuildPhase;
			buildActionMask = 2147483647;
			files = (
			);
			inputPaths = (
			);
			name = "[CP] Check Pods Manifest.lock";
			outputPaths = (
			);
			runOnlyForDeploymentPostprocessing = 0;
			shellPath = /bin/sh;
			shellScript = "diff \"${PODS_ROOT}/../Podfile.lock\" \"${PODS_ROOT}/Manifest.lock\" > /dev/null\nif [ $? != 0 ] ; then\n    # print error to STDERR\n    echo \"error: The sandbox is not in sync with the Podfile.lock. Run 'pod install' or update your CocoaPods installation.\" >&2\n    exit 1\nfi\n";
			showEnvVarsInLog = 0;
		};
		7267B9C24A5D3FDA005B068D /* [CP] Copy Pods Resources */ = {
			isa = PBXShellScriptBuildPhase;
			buildActionMask = 2147483647;
			files = (
			);
			inputPaths = (
			);
			name = "[CP] Copy Pods Resources";
			outputPaths = (
			);
			runOnlyForDeploymentPostprocessing = 0;
			shellPath = /bin/sh;
			shellScript = "\"${SRCROOT}/Pods/Target Support Files/Pods-FindMyFriend/Pods-FindMyFriend-resources.sh\"\n";
			showEnvVarsInLog = 0;
		};
		DF4F7A479A901AE10EF52C50 /* [CP] Embed Pods Frameworks */ = {
			isa = PBXShellScriptBuildPhase;
			buildActionMask = 2147483647;
			files = (
			);
			inputPaths = (
			);
			name = "[CP] Embed Pods Frameworks";
			outputPaths = (
			);
			runOnlyForDeploymentPostprocessing = 0;
			shellPath = /bin/sh;
			shellScript = "\"${SRCROOT}/Pods/Target Support Files/Pods-FindMyFriend/Pods-FindMyFriend-frameworks.sh\"\n";
			showEnvVarsInLog = 0;
		};
/* End PBXShellScriptBuildPhase section */

/* Begin PBXSourcesBuildPhase section */
		112F68481EF95D4C0043E091 /* Sources */ = {
			isa = PBXSourcesBuildPhase;
			buildActionMask = 2147483647;
			files = (
				112F68571EF95D4C0043E091 /* ViewController.m in Sources */,
				112F686D1EFC16C30043E091 /* DXHTTPManager.m in Sources */,
				112F68541EF95D4C0043E091 /* AppDelegate.m in Sources */,
				112F68701EFE1ECF0043E091 /* GetFriend.m in Sources */,
				112F68511EF95D4C0043E091 /* main.m in Sources */,
			);
			runOnlyForDeploymentPostprocessing = 0;
		};
/* End PBXSourcesBuildPhase section */

/* Begin PBXVariantGroup section */
		112F68581EF95D4C0043E091 /* Main.storyboard */ = {
			isa = PBXVariantGroup;
			children = (
				112F68591EF95D4C0043E091 /* Base */,
			);
			name = Main.storyboard;
			sourceTree = "<group>";
		};
		112F685D1EF95D4C0043E091 /* LaunchScreen.storyboard */ = {
			isa = PBXVariantGroup;
			children = (
				112F685E1EF95D4C0043E091 /* Base */,
			);
			name = LaunchScreen.storyboard;
			sourceTree = "<group>";
		};
/* End PBXVariantGroup section */

/* Begin XCBuildConfiguration section */
		112F68611EF95D4C0043E091 /* Debug */ = {
			isa = XCBuildConfiguration;
			buildSettings = {
				ALWAYS_SEARCH_USER_PATHS = NO;
				CLANG_ANALYZER_NONNULL = YES;
				CLANG_ANALYZER_NUMBER_OBJECT_CONVERSION = YES_AGGRESSIVE;
				CLANG_CXX_LANGUAGE_STANDARD = "gnu++0x";
				CLANG_CXX_LIBRARY = "libc++";
				CLANG_ENABLE_MODULES = YES;
				CLANG_ENABLE_OBJC_ARC = YES;
				CLANG_WARN_BOOL_CONVERSION = YES;
				CLANG_WARN_CONSTANT_CONVERSION = YES;
				CLANG_WARN_DIRECT_OBJC_ISA_USAGE = YES_ERROR;
				CLANG_WARN_DOCUMENTATION_COMMENTS = YES;
				CLANG_WARN_EMPTY_BODY = YES;
				CLANG_WARN_ENUM_CONVERSION = YES;
				CLANG_WARN_INFINITE_RECURSION = YES;
				CLANG_WARN_INT_CONVERSION = YES;
				CLANG_WARN_OBJC_ROOT_CLASS = YES_ERROR;
				CLANG_WARN_SUSPICIOUS_MOVE = YES;
				CLANG_WARN_UNREACHABLE_CODE = YES;
				CLANG_WARN__DUPLICATE_METHOD_MATCH = YES;
				"CODE_SIGN_IDENTITY[sdk=iphoneos*]" = "iPhone Developer";
				COPY_PHASE_STRIP = NO;
				DEBUG_INFORMATION_FORMAT = dwarf;
				ENABLE_STRICT_OBJC_MSGSEND = YES;
				ENABLE_TESTABILITY = YES;
				GCC_C_LANGUAGE_STANDARD = gnu99;
				GCC_DYNAMIC_NO_PIC = NO;
				GCC_NO_COMMON_BLOCKS = YES;
				GCC_OPTIMIZATION_LEVEL = 0;
				GCC_PREPROCESSOR_DEFINITIONS = (
					"DEBUG=1",
					"$(inherited)",
				);
				GCC_WARN_64_TO_32_BIT_CONVERSION = YES;
				GCC_WARN_ABOUT_RETURN_TYPE = YES_ERROR;
				GCC_WARN_UNDECLARED_SELECTOR = YES;
				GCC_WARN_UNINITIALIZED_AUTOS = YES_AGGRESSIVE;
				GCC_WARN_UNUSED_FUNCTION = YES;
				GCC_WARN_UNUSED_VARIABLE = YES;
				IPHONEOS_DEPLOYMENT_TARGET = 10.3;
				MTL_ENABLE_DEBUG_INFO = YES;
				ONLY_ACTIVE_ARCH = YES;
				SDKROOT = iphoneos;
				TARGETED_DEVICE_FAMILY = "1,2";
			};
			name = Debug;
		};
		112F68621EF95D4C0043E091 /* Release */ = {
			isa = XCBuildConfiguration;
			buildSettings = {
				ALWAYS_SEARCH_USER_PATHS = NO;
				CLANG_ANALYZER_NONNULL = YES;
				CLANG_ANALYZER_NUMBER_OBJECT_CONVERSION = YES_AGGRESSIVE;
				CLANG_CXX_LANGUAGE_STANDARD = "gnu++0x";
				CLANG_CXX_LIBRARY = "libc++";
				CLANG_ENABLE_MODULES = YES;
				CLANG_ENABLE_OBJC_ARC = YES;
				CLANG_WARN_BOOL_CONVERSION = YES;
				CLANG_WARN_CONSTANT_CONVERSION = YES;
				CLANG_WARN_DIRECT_OBJC_ISA_USAGE = YES_ERROR;
				CLANG_WARN_DOCUMENTATION_COMMENTS = YES;
				CLANG_WARN_EMPTY_BODY = YES;
				CLANG_WARN_ENUM_CONVERSION = YES;
				CLANG_WARN_INFINITE_RECURSION = YES;
				CLANG_WARN_INT_CONVERSION = YES;
				CLANG_WARN_OBJC_ROOT_CLASS = YES_ERROR;
				CLANG_WARN_SUSPICIOUS_MOVE = YES;
				CLANG_WARN_UNREACHABLE_CODE = YES;
				CLANG_WARN__DUPLICATE_METHOD_MATCH = YES;
				"CODE_SIGN_IDENTITY[sdk=iphoneos*]" = "iPhone Developer";
				COPY_PHASE_STRIP = NO;
				DEBUG_INFORMATION_FORMAT = "dwarf-with-dsym";
				ENABLE_NS_ASSERTIONS = NO;
				ENABLE_STRICT_OBJC_MSGSEND = YES;
				GCC_C_LANGUAGE_STANDARD = gnu99;
				GCC_NO_COMMON_BLOCKS = YES;
				GCC_WARN_64_TO_32_BIT_CONVERSION = YES;
				GCC_WARN_ABOUT_RETURN_TYPE = YES_ERROR;
				GCC_WARN_UNDECLARED_SELECTOR = YES;
				GCC_WARN_UNINITIALIZED_AUTOS = YES_AGGRESSIVE;
				GCC_WARN_UNUSED_FUNCTION = YES;
				GCC_WARN_UNUSED_VARIABLE = YES;
				IPHONEOS_DEPLOYMENT_TARGET = 10.3;
				MTL_ENABLE_DEBUG_INFO = NO;
				SDKROOT = iphoneos;
				TARGETED_DEVICE_FAMILY = "1,2";
				VALIDATE_PRODUCT = YES;
			};
			name = Release;
		};
		112F68641EF95D4C0043E091 /* Debug */ = {
			isa = XCBuildConfiguration;
			baseConfigurationReference = 895EB1244D2DB28AB2FDCF8C /* Pods-FindMyFriend.debug.xcconfig */;
			buildSettings = {
				ASSETCATALOG_COMPILER_APPICON_NAME = AppIcon;
				DEVELOPMENT_TEAM = 4HY645WQ48;
				INFOPLIST_FILE = FindMyFriend/Info.plist;
				LD_RUNPATH_SEARCH_PATHS = "$(inherited) @executable_path/Frameworks";
				PRODUCT_BUNDLE_IDENTIFIER = com.Kinlive.FindMyFriend;
				PRODUCT_NAME = "$(TARGET_NAME)";
			};
			name = Debug;
		};
		112F68651EF95D4C0043E091 /* Release */ = {
			isa = XCBuildConfiguration;
			baseConfigurationReference = 61260FA5C0832BC63A076A68 /* Pods-FindMyFriend.release.xcconfig */;
			buildSettings = {
				ASSETCATALOG_COMPILER_APPICON_NAME = AppIcon;
				DEVELOPMENT_TEAM = 4HY645WQ48;
				INFOPLIST_FILE = FindMyFriend/Info.plist;
				LD_RUNPATH_SEARCH_PATHS = "$(inherited) @executable_path/Frameworks";
				PRODUCT_BUNDLE_IDENTIFIER = com.Kinlive.FindMyFriend;
				PRODUCT_NAME = "$(TARGET_NAME)";
			};
			name = Release;
		};
/* End XCBuildConfiguration section */

/* Begin XCConfigurationList section */
		112F68471EF95D4C0043E091 /* Build configuration list for PBXProject "FindMyFriend" */ = {
			isa = XCConfigurationList;
			buildConfigurations = (
				112F68611EF95D4C0043E091 /* Debug */,
				112F68621EF95D4C0043E091 /* Release */,
			);
			defaultConfigurationIsVisible = 0;
			defaultConfigurationName = Release;
		};
		112F68631EF95D4C0043E091 /* Build configuration list for PBXNativeTarget "FindMyFriend" */ = {
			isa = XCConfigurationList;
			buildConfigurations = (
				112F68641EF95D4C0043E091 /* Debug */,
				112F68651EF95D4C0043E091 /* Release */,
			);
			defaultConfigurationIsVisible = 0;
			defaultConfigurationName = Release;
		};
/* End XCConfigurationList section */
	};
	rootObject = 112F68441EF95D4C0043E091 /* Project object */;
}
